// !$*UTF8*$!
{
	archiveVersion = 1;
	classes = {
	};
	objectVersion = 56;
	objects = {

/* Begin PBXBuildFile section */
		1740D95E2AB8280E003C2D69 /* SoftwareResultCell.swift in Sources */ = {isa = PBXBuildFile; fileRef = 1740D95D2AB8280E003C2D69 /* SoftwareResultCell.swift */; };
		1740D9602AB83150003C2D69 /* RecentSearchCell.swift in Sources */ = {isa = PBXBuildFile; fileRef = 1740D95F2AB83150003C2D69 /* RecentSearchCell.swift */; };
		1740D9632AB839B2003C2D69 /* CandidateSearchCell.swift in Sources */ = {isa = PBXBuildFile; fileRef = 1740D9622AB839B2003C2D69 /* CandidateSearchCell.swift */; };
		1740D9652AB83C6A003C2D69 /* SearchTermCellDelegate.swift in Sources */ = {isa = PBXBuildFile; fileRef = 1740D9642AB83C6A003C2D69 /* SearchTermCellDelegate.swift */; };
		1740D9672AB83D1C003C2D69 /* ResultItemCellDelegate.swift in Sources */ = {isa = PBXBuildFile; fileRef = 1740D9662AB83D1C003C2D69 /* ResultItemCellDelegate.swift */; };
		1740D96D2AB83E49003C2D69 /* SoftwareItemViewModel.swift in Sources */ = {isa = PBXBuildFile; fileRef = 1740D96C2AB83E49003C2D69 /* SoftwareItemViewModel.swift */; };
		1740D96F2AB84021003C2D69 /* Int+CountFormat.swift in Sources */ = {isa = PBXBuildFile; fileRef = 1740D96E2AB84021003C2D69 /* Int+CountFormat.swift */; };
		1740D9702AB84021003C2D69 /* Int+CountFormat.swift in Sources */ = {isa = PBXBuildFile; fileRef = 1740D96E2AB84021003C2D69 /* Int+CountFormat.swift */; };
		1740D9722AB84312003C2D69 /* Software+sample.swift in Sources */ = {isa = PBXBuildFile; fileRef = 1740D9712AB84312003C2D69 /* Software+sample.swift */; };
		1740D9732AB84312003C2D69 /* Software+sample.swift in Sources */ = {isa = PBXBuildFile; fileRef = 1740D9712AB84312003C2D69 /* Software+sample.swift */; };
		1740D9742AB847B5003C2D69 /* Software.swift in Sources */ = {isa = PBXBuildFile; fileRef = 17BEF1CB2AB70C3900249C5E /* Software.swift */; };
		17BEF16A2AB6DFFB00249C5E /* AppDelegate.swift in Sources */ = {isa = PBXBuildFile; fileRef = 17BEF1692AB6DFFB00249C5E /* AppDelegate.swift */; };
		17BEF16C2AB6DFFB00249C5E /* SceneDelegate.swift in Sources */ = {isa = PBXBuildFile; fileRef = 17BEF16B2AB6DFFB00249C5E /* SceneDelegate.swift */; };
		17BEF16E2AB6DFFB00249C5E /* SearchViewController.swift in Sources */ = {isa = PBXBuildFile; fileRef = 17BEF16D2AB6DFFB00249C5E /* SearchViewController.swift */; };
		17BEF1732AB6DFFC00249C5E /* Assets.xcassets in Resources */ = {isa = PBXBuildFile; fileRef = 17BEF1722AB6DFFC00249C5E /* Assets.xcassets */; };
		17BEF1762AB6DFFC00249C5E /* LaunchScreen.storyboard in Resources */ = {isa = PBXBuildFile; fileRef = 17BEF1742AB6DFFC00249C5E /* LaunchScreen.storyboard */; };
		17BEF1812AB6DFFC00249C5E /* KabangExamTests.swift in Sources */ = {isa = PBXBuildFile; fileRef = 17BEF1802AB6DFFC00249C5E /* KabangExamTests.swift */; };
		17BEF18B2AB6DFFC00249C5E /* KabangExamUITests.swift in Sources */ = {isa = PBXBuildFile; fileRef = 17BEF18A2AB6DFFC00249C5E /* KabangExamUITests.swift */; };
		17BEF18D2AB6DFFC00249C5E /* KabangExamUITestsLaunchTests.swift in Sources */ = {isa = PBXBuildFile; fileRef = 17BEF18C2AB6DFFC00249C5E /* KabangExamUITestsLaunchTests.swift */; };
		17BEF1A22AB6E46300249C5E /* Alamofire in Frameworks */ = {isa = PBXBuildFile; productRef = 17BEF1A12AB6E46300249C5E /* Alamofire */; };
		17BEF1B02AB6E4C600249C5E /* NetworkResponse.swift in Sources */ = {isa = PBXBuildFile; fileRef = 17BEF1A42AB6E4C600249C5E /* NetworkResponse.swift */; };
		17BEF1B12AB6E4C600249C5E /* ApiEndpint.swift in Sources */ = {isa = PBXBuildFile; fileRef = 17BEF1A52AB6E4C600249C5E /* ApiEndpint.swift */; };
		17BEF1B22AB6E4C600249C5E /* Resource.swift in Sources */ = {isa = PBXBuildFile; fileRef = 17BEF1A62AB6E4C600249C5E /* Resource.swift */; };
		17BEF1B32AB6E4C600249C5E /* HttpMethod.swift in Sources */ = {isa = PBXBuildFile; fileRef = 17BEF1A72AB6E4C600249C5E /* HttpMethod.swift */; };
		17BEF1B42AB6E4C600249C5E /* Response.swift in Sources */ = {isa = PBXBuildFile; fileRef = 17BEF1A82AB6E4C600249C5E /* Response.swift */; };
		17BEF1B52AB6E4C600249C5E /* ResponseDecoder.swift in Sources */ = {isa = PBXBuildFile; fileRef = 17BEF1A92AB6E4C600249C5E /* ResponseDecoder.swift */; };
		17BEF1B62AB6E4C600249C5E /* NetworkResource.swift in Sources */ = {isa = PBXBuildFile; fileRef = 17BEF1AA2AB6E4C600249C5E /* NetworkResource.swift */; };
		17BEF1B72AB6E4C600249C5E /* NetworkDataService.swift in Sources */ = {isa = PBXBuildFile; fileRef = 17BEF1AC2AB6E4C600249C5E /* NetworkDataService.swift */; };
		17BEF1B82AB6E4C600249C5E /* NetworkClient.swift in Sources */ = {isa = PBXBuildFile; fileRef = 17BEF1AE2AB6E4C600249C5E /* NetworkClient.swift */; };
		17BEF1B92AB6E4C600249C5E /* AlarmoLogger.swift in Sources */ = {isa = PBXBuildFile; fileRef = 17BEF1AF2AB6E4C600249C5E /* AlarmoLogger.swift */; };
		17BEF1BB2AB6E4E700249C5E /* Foot.swift in Sources */ = {isa = PBXBuildFile; fileRef = 17BEF1BA2AB6E4E700249C5E /* Foot.swift */; };
		17BEF1BF2AB6E5FE00249C5E /* SearchApi.swift in Sources */ = {isa = PBXBuildFile; fileRef = 17BEF1BE2AB6E5FE00249C5E /* SearchApi.swift */; };
		17BEF1C12AB6E6AF00249C5E /* iTunesSearchEndpoint.swift in Sources */ = {isa = PBXBuildFile; fileRef = 17BEF1C02AB6E6AF00249C5E /* iTunesSearchEndpoint.swift */; };
		17BEF1C32AB6EB5000249C5E /* ResResults.swift in Sources */ = {isa = PBXBuildFile; fileRef = 17BEF1C22AB6EB5000249C5E /* ResResults.swift */; };
		17BEF1C52AB6FE5400249C5E /* ResSearchSoftware.swift in Sources */ = {isa = PBXBuildFile; fileRef = 17BEF1C42AB6FE5400249C5E /* ResSearchSoftware.swift */; };
		17BEF1C72AB705DE00249C5E /* AppError.swift in Sources */ = {isa = PBXBuildFile; fileRef = 17BEF1C62AB705DE00249C5E /* AppError.swift */; };
		17BEF1CC2AB70C3900249C5E /* Software.swift in Sources */ = {isa = PBXBuildFile; fileRef = 17BEF1CB2AB70C3900249C5E /* Software.swift */; };
		17BEF1CE2AB70ED200249C5E /* iTunesRepository.swift in Sources */ = {isa = PBXBuildFile; fileRef = 17BEF1CD2AB70ED200249C5E /* iTunesRepository.swift */; };
		17BEF1D12AB7122800249C5E /* DefaultRepository.swift in Sources */ = {isa = PBXBuildFile; fileRef = 17BEF1D02AB7122800249C5E /* DefaultRepository.swift */; };
		17BEF1D42AB712F700249C5E /* RecentsStorage.swift in Sources */ = {isa = PBXBuildFile; fileRef = 17BEF1D32AB712F700249C5E /* RecentsStorage.swift */; };
		17BEF1D62AB71D4300249C5E /* Task+Cancellable.swift in Sources */ = {isa = PBXBuildFile; fileRef = 17BEF1D52AB71D4300249C5E /* Task+Cancellable.swift */; };
		17BEF1D82AB71D6600249C5E /* Also.swift in Sources */ = {isa = PBXBuildFile; fileRef = 17BEF1D72AB71D6600249C5E /* Also.swift */; };
		17BEF1DA2AB7219200249C5E /* DefaultRecentsStorage.swift in Sources */ = {isa = PBXBuildFile; fileRef = 17BEF1D92AB7219200249C5E /* DefaultRecentsStorage.swift */; };
		17BEF1DB2AB7521800249C5E /* DefaultRecentsStorage.swift in Sources */ = {isa = PBXBuildFile; fileRef = 17BEF1D92AB7219200249C5E /* DefaultRecentsStorage.swift */; };
		17BEF1DC2AB7521F00249C5E /* RecentsStorage.swift in Sources */ = {isa = PBXBuildFile; fileRef = 17BEF1D32AB712F700249C5E /* RecentsStorage.swift */; };
		17BEF1DF2AB7584D00249C5E /* BaseViewModel.swift in Sources */ = {isa = PBXBuildFile; fileRef = 17BEF1DE2AB7584D00249C5E /* BaseViewModel.swift */; };
		17BEF1E22AB75A6500249C5E /* UIView+AutoLayout.swift in Sources */ = {isa = PBXBuildFile; fileRef = 17BEF1E12AB75A6500249C5E /* UIView+AutoLayout.swift */; };
		17BEF1E42AB75A8700249C5E /* UIViewPreview.swift in Sources */ = {isa = PBXBuildFile; fileRef = 17BEF1E32AB75A8700249C5E /* UIViewPreview.swift */; };
		17BEF1E62AB75AA700249C5E /* UIImage+Extensions.swift in Sources */ = {isa = PBXBuildFile; fileRef = 17BEF1E52AB75AA700249C5E /* UIImage+Extensions.swift */; };
		17BEF1E82AB75AC400249C5E /* Alertable.swift in Sources */ = {isa = PBXBuildFile; fileRef = 17BEF1E72AB75AC400249C5E /* Alertable.swift */; };
		17BEF1EA2AB75ADF00249C5E /* LoadingView.swift in Sources */ = {isa = PBXBuildFile; fileRef = 17BEF1E92AB75ADF00249C5E /* LoadingView.swift */; };
/* End PBXBuildFile section */

/* Begin PBXContainerItemProxy section */
		17BEF17D2AB6DFFC00249C5E /* PBXContainerItemProxy */ = {
			isa = PBXContainerItemProxy;
			containerPortal = 17BEF15E2AB6DFFB00249C5E /* Project object */;
			proxyType = 1;
			remoteGlobalIDString = 17BEF1652AB6DFFB00249C5E;
			remoteInfo = KabangExam;
		};
		17BEF1872AB6DFFC00249C5E /* PBXContainerItemProxy */ = {
			isa = PBXContainerItemProxy;
			containerPortal = 17BEF15E2AB6DFFB00249C5E /* Project object */;
			proxyType = 1;
			remoteGlobalIDString = 17BEF1652AB6DFFB00249C5E;
			remoteInfo = KabangExam;
		};
/* End PBXContainerItemProxy section */

/* Begin PBXFileReference section */
		1740D95D2AB8280E003C2D69 /* SoftwareResultCell.swift */ = {isa = PBXFileReference; lastKnownFileType = sourcecode.swift; path = SoftwareResultCell.swift; sourceTree = "<group>"; };
		1740D95F2AB83150003C2D69 /* RecentSearchCell.swift */ = {isa = PBXFileReference; lastKnownFileType = sourcecode.swift; path = RecentSearchCell.swift; sourceTree = "<group>"; };
		1740D9622AB839B2003C2D69 /* CandidateSearchCell.swift */ = {isa = PBXFileReference; lastKnownFileType = sourcecode.swift; path = CandidateSearchCell.swift; sourceTree = "<group>"; };
		1740D9642AB83C6A003C2D69 /* SearchTermCellDelegate.swift */ = {isa = PBXFileReference; lastKnownFileType = sourcecode.swift; path = SearchTermCellDelegate.swift; sourceTree = "<group>"; };
		1740D9662AB83D1C003C2D69 /* ResultItemCellDelegate.swift */ = {isa = PBXFileReference; lastKnownFileType = sourcecode.swift; path = ResultItemCellDelegate.swift; sourceTree = "<group>"; };
		1740D96C2AB83E49003C2D69 /* SoftwareItemViewModel.swift */ = {isa = PBXFileReference; lastKnownFileType = sourcecode.swift; path = SoftwareItemViewModel.swift; sourceTree = "<group>"; };
		1740D96E2AB84021003C2D69 /* Int+CountFormat.swift */ = {isa = PBXFileReference; lastKnownFileType = sourcecode.swift; path = "Int+CountFormat.swift"; sourceTree = "<group>"; };
		1740D9712AB84312003C2D69 /* Software+sample.swift */ = {isa = PBXFileReference; lastKnownFileType = sourcecode.swift; path = "Software+sample.swift"; sourceTree = "<group>"; };
		17BEF1662AB6DFFB00249C5E /* KabangExam.app */ = {isa = PBXFileReference; explicitFileType = wrapper.application; includeInIndex = 0; path = KabangExam.app; sourceTree = BUILT_PRODUCTS_DIR; };
		17BEF1692AB6DFFB00249C5E /* AppDelegate.swift */ = {isa = PBXFileReference; lastKnownFileType = sourcecode.swift; path = AppDelegate.swift; sourceTree = "<group>"; };
		17BEF16B2AB6DFFB00249C5E /* SceneDelegate.swift */ = {isa = PBXFileReference; lastKnownFileType = sourcecode.swift; path = SceneDelegate.swift; sourceTree = "<group>"; };
		17BEF16D2AB6DFFB00249C5E /* SearchViewController.swift */ = {isa = PBXFileReference; lastKnownFileType = sourcecode.swift; path = SearchViewController.swift; sourceTree = "<group>"; };
		17BEF1722AB6DFFC00249C5E /* Assets.xcassets */ = {isa = PBXFileReference; lastKnownFileType = folder.assetcatalog; path = Assets.xcassets; sourceTree = "<group>"; };
		17BEF1752AB6DFFC00249C5E /* Base */ = {isa = PBXFileReference; lastKnownFileType = file.storyboard; name = Base; path = Base.lproj/LaunchScreen.storyboard; sourceTree = "<group>"; };
		17BEF1772AB6DFFC00249C5E /* Info.plist */ = {isa = PBXFileReference; lastKnownFileType = text.plist.xml; path = Info.plist; sourceTree = "<group>"; };
		17BEF17C2AB6DFFC00249C5E /* KabangExamTests.xctest */ = {isa = PBXFileReference; explicitFileType = wrapper.cfbundle; includeInIndex = 0; path = KabangExamTests.xctest; sourceTree = BUILT_PRODUCTS_DIR; };
		17BEF1802AB6DFFC00249C5E /* KabangExamTests.swift */ = {isa = PBXFileReference; lastKnownFileType = sourcecode.swift; path = KabangExamTests.swift; sourceTree = "<group>"; };
		17BEF1862AB6DFFC00249C5E /* KabangExamUITests.xctest */ = {isa = PBXFileReference; explicitFileType = wrapper.cfbundle; includeInIndex = 0; path = KabangExamUITests.xctest; sourceTree = BUILT_PRODUCTS_DIR; };
		17BEF18A2AB6DFFC00249C5E /* KabangExamUITests.swift */ = {isa = PBXFileReference; lastKnownFileType = sourcecode.swift; path = KabangExamUITests.swift; sourceTree = "<group>"; };
		17BEF18C2AB6DFFC00249C5E /* KabangExamUITestsLaunchTests.swift */ = {isa = PBXFileReference; lastKnownFileType = sourcecode.swift; path = KabangExamUITestsLaunchTests.swift; sourceTree = "<group>"; };
		17BEF1A42AB6E4C600249C5E /* NetworkResponse.swift */ = {isa = PBXFileReference; fileEncoding = 4; lastKnownFileType = sourcecode.swift; path = NetworkResponse.swift; sourceTree = "<group>"; };
		17BEF1A52AB6E4C600249C5E /* ApiEndpint.swift */ = {isa = PBXFileReference; fileEncoding = 4; lastKnownFileType = sourcecode.swift; path = ApiEndpint.swift; sourceTree = "<group>"; };
		17BEF1A62AB6E4C600249C5E /* Resource.swift */ = {isa = PBXFileReference; fileEncoding = 4; lastKnownFileType = sourcecode.swift; path = Resource.swift; sourceTree = "<group>"; };
		17BEF1A72AB6E4C600249C5E /* HttpMethod.swift */ = {isa = PBXFileReference; fileEncoding = 4; lastKnownFileType = sourcecode.swift; path = HttpMethod.swift; sourceTree = "<group>"; };
		17BEF1A82AB6E4C600249C5E /* Response.swift */ = {isa = PBXFileReference; fileEncoding = 4; lastKnownFileType = sourcecode.swift; path = Response.swift; sourceTree = "<group>"; };
		17BEF1A92AB6E4C600249C5E /* ResponseDecoder.swift */ = {isa = PBXFileReference; fileEncoding = 4; lastKnownFileType = sourcecode.swift; path = ResponseDecoder.swift; sourceTree = "<group>"; };
		17BEF1AA2AB6E4C600249C5E /* NetworkResource.swift */ = {isa = PBXFileReference; fileEncoding = 4; lastKnownFileType = sourcecode.swift; path = NetworkResource.swift; sourceTree = "<group>"; };
		17BEF1AC2AB6E4C600249C5E /* NetworkDataService.swift */ = {isa = PBXFileReference; fileEncoding = 4; lastKnownFileType = sourcecode.swift; path = NetworkDataService.swift; sourceTree = "<group>"; };
		17BEF1AE2AB6E4C600249C5E /* NetworkClient.swift */ = {isa = PBXFileReference; fileEncoding = 4; lastKnownFileType = sourcecode.swift; path = NetworkClient.swift; sourceTree = "<group>"; };
		17BEF1AF2AB6E4C600249C5E /* AlarmoLogger.swift */ = {isa = PBXFileReference; fileEncoding = 4; lastKnownFileType = sourcecode.swift; path = AlarmoLogger.swift; sourceTree = "<group>"; };
		17BEF1BA2AB6E4E700249C5E /* Foot.swift */ = {isa = PBXFileReference; lastKnownFileType = sourcecode.swift; path = Foot.swift; sourceTree = "<group>"; };
		17BEF1BE2AB6E5FE00249C5E /* SearchApi.swift */ = {isa = PBXFileReference; lastKnownFileType = sourcecode.swift; path = SearchApi.swift; sourceTree = "<group>"; };
		17BEF1C02AB6E6AF00249C5E /* iTunesSearchEndpoint.swift */ = {isa = PBXFileReference; lastKnownFileType = sourcecode.swift; path = iTunesSearchEndpoint.swift; sourceTree = "<group>"; };
		17BEF1C22AB6EB5000249C5E /* ResResults.swift */ = {isa = PBXFileReference; lastKnownFileType = sourcecode.swift; path = ResResults.swift; sourceTree = "<group>"; };
		17BEF1C42AB6FE5400249C5E /* ResSearchSoftware.swift */ = {isa = PBXFileReference; lastKnownFileType = sourcecode.swift; path = ResSearchSoftware.swift; sourceTree = "<group>"; };
		17BEF1C62AB705DE00249C5E /* AppError.swift */ = {isa = PBXFileReference; lastKnownFileType = sourcecode.swift; path = AppError.swift; sourceTree = "<group>"; };
		17BEF1C82AB7071000249C5E /* README.md */ = {isa = PBXFileReference; lastKnownFileType = net.daringfireball.markdown; path = README.md; sourceTree = "<group>"; };
		17BEF1CB2AB70C3900249C5E /* Software.swift */ = {isa = PBXFileReference; lastKnownFileType = sourcecode.swift; path = Software.swift; sourceTree = "<group>"; };
		17BEF1CD2AB70ED200249C5E /* iTunesRepository.swift */ = {isa = PBXFileReference; lastKnownFileType = sourcecode.swift; path = iTunesRepository.swift; sourceTree = "<group>"; };
		17BEF1D02AB7122800249C5E /* DefaultRepository.swift */ = {isa = PBXFileReference; lastKnownFileType = sourcecode.swift; path = DefaultRepository.swift; sourceTree = "<group>"; };
		17BEF1D32AB712F700249C5E /* RecentsStorage.swift */ = {isa = PBXFileReference; lastKnownFileType = sourcecode.swift; path = RecentsStorage.swift; sourceTree = "<group>"; };
		17BEF1D52AB71D4300249C5E /* Task+Cancellable.swift */ = {isa = PBXFileReference; lastKnownFileType = sourcecode.swift; path = "Task+Cancellable.swift"; sourceTree = "<group>"; };
		17BEF1D72AB71D6600249C5E /* Also.swift */ = {isa = PBXFileReference; lastKnownFileType = sourcecode.swift; path = Also.swift; sourceTree = "<group>"; };
		17BEF1D92AB7219200249C5E /* DefaultRecentsStorage.swift */ = {isa = PBXFileReference; lastKnownFileType = sourcecode.swift; path = DefaultRecentsStorage.swift; sourceTree = "<group>"; };
		17BEF1DE2AB7584D00249C5E /* BaseViewModel.swift */ = {isa = PBXFileReference; lastKnownFileType = sourcecode.swift; path = BaseViewModel.swift; sourceTree = "<group>"; };
		17BEF1E12AB75A6500249C5E /* UIView+AutoLayout.swift */ = {isa = PBXFileReference; lastKnownFileType = sourcecode.swift; path = "UIView+AutoLayout.swift"; sourceTree = "<group>"; };
		17BEF1E32AB75A8700249C5E /* UIViewPreview.swift */ = {isa = PBXFileReference; lastKnownFileType = sourcecode.swift; path = UIViewPreview.swift; sourceTree = "<group>"; };
		17BEF1E52AB75AA700249C5E /* UIImage+Extensions.swift */ = {isa = PBXFileReference; lastKnownFileType = sourcecode.swift; path = "UIImage+Extensions.swift"; sourceTree = "<group>"; };
		17BEF1E72AB75AC400249C5E /* Alertable.swift */ = {isa = PBXFileReference; lastKnownFileType = sourcecode.swift; path = Alertable.swift; sourceTree = "<group>"; };
		17BEF1E92AB75ADF00249C5E /* LoadingView.swift */ = {isa = PBXFileReference; lastKnownFileType = sourcecode.swift; path = LoadingView.swift; sourceTree = "<group>"; };
/* End PBXFileReference section */

/* Begin PBXFrameworksBuildPhase section */
		17BEF1632AB6DFFB00249C5E /* Frameworks */ = {
			isa = PBXFrameworksBuildPhase;
			buildActionMask = 2147483647;
			files = (
				17BEF1A22AB6E46300249C5E /* Alamofire in Frameworks */,
			);
			runOnlyForDeploymentPostprocessing = 0;
		};
		17BEF1792AB6DFFC00249C5E /* Frameworks */ = {
			isa = PBXFrameworksBuildPhase;
			buildActionMask = 2147483647;
			files = (
			);
			runOnlyForDeploymentPostprocessing = 0;
		};
		17BEF1832AB6DFFC00249C5E /* Frameworks */ = {
			isa = PBXFrameworksBuildPhase;
			buildActionMask = 2147483647;
			files = (
			);
			runOnlyForDeploymentPostprocessing = 0;
		};
/* End PBXFrameworksBuildPhase section */

/* Begin PBXGroup section */
		1740D9592AB827BF003C2D69 /* Search */ = {
			isa = PBXGroup;
			children = (
				1740D9612AB831DD003C2D69 /* Model */,
				1740D9692AB83DA0003C2D69 /* View */,
			);
			path = Search;
			sourceTree = "<group>";
		};
		1740D95B2AB827E1003C2D69 /* Detail */ = {
			isa = PBXGroup;
			children = (
				1740D96B2AB83DD9003C2D69 /* Model */,
				1740D96A2AB83DD6003C2D69 /* View */,
			);
			path = Detail;
			sourceTree = "<group>";
		};
		1740D95C2AB827E9003C2D69 /* Cell */ = {
			isa = PBXGroup;
			children = (
				1740D95D2AB8280E003C2D69 /* SoftwareResultCell.swift */,
				1740D95F2AB83150003C2D69 /* RecentSearchCell.swift */,
				1740D9622AB839B2003C2D69 /* CandidateSearchCell.swift */,
			);
			path = Cell;
			sourceTree = "<group>";
		};
		1740D9612AB831DD003C2D69 /* Model */ = {
			isa = PBXGroup;
			children = (
				1740D96C2AB83E49003C2D69 /* SoftwareItemViewModel.swift */,
				1740D9712AB84312003C2D69 /* Software+sample.swift */,
			);
			path = Model;
			sourceTree = "<group>";
		};
		1740D9682AB83D82003C2D69 /* Scene */ = {
			isa = PBXGroup;
			children = (
				1740D95B2AB827E1003C2D69 /* Detail */,
				1740D9592AB827BF003C2D69 /* Search */,
			);
			path = Scene;
			sourceTree = "<group>";
		};
		1740D9692AB83DA0003C2D69 /* View */ = {
			isa = PBXGroup;
			children = (
				17BEF16D2AB6DFFB00249C5E /* SearchViewController.swift */,
				1740D9642AB83C6A003C2D69 /* SearchTermCellDelegate.swift */,
				1740D9662AB83D1C003C2D69 /* ResultItemCellDelegate.swift */,
				1740D95C2AB827E9003C2D69 /* Cell */,
			);
			path = View;
			sourceTree = "<group>";
		};
		1740D96A2AB83DD6003C2D69 /* View */ = {
			isa = PBXGroup;
			children = (
			);
			path = View;
			sourceTree = "<group>";
		};
		1740D96B2AB83DD9003C2D69 /* Model */ = {
			isa = PBXGroup;
			children = (
			);
			path = Model;
			sourceTree = "<group>";
		};
		17BEF15D2AB6DFFB00249C5E = {
			isa = PBXGroup;
			children = (
				17BEF1C82AB7071000249C5E /* README.md */,
				17BEF1682AB6DFFB00249C5E /* KabangExam */,
				17BEF17F2AB6DFFC00249C5E /* KabangExamTests */,
				17BEF1892AB6DFFC00249C5E /* KabangExamUITests */,
				17BEF1672AB6DFFB00249C5E /* Products */,
			);
			sourceTree = "<group>";
		};
		17BEF1672AB6DFFB00249C5E /* Products */ = {
			isa = PBXGroup;
			children = (
				17BEF1662AB6DFFB00249C5E /* KabangExam.app */,
				17BEF17C2AB6DFFC00249C5E /* KabangExamTests.xctest */,
				17BEF1862AB6DFFC00249C5E /* KabangExamUITests.xctest */,
			);
			name = Products;
			sourceTree = "<group>";
		};
		17BEF1682AB6DFFB00249C5E /* KabangExam */ = {
			isa = PBXGroup;
			children = (
				17BEF1772AB6DFFC00249C5E /* Info.plist */,
				17BEF1992AB6E3CE00249C5E /* Application */,
				17BEF19A2AB6E3DF00249C5E /* Data */,
				17BEF19B2AB6E3E500249C5E /* Domain */,
				17BEF19C2AB6E3ED00249C5E /* Infra */,
				17BEF1742AB6DFFC00249C5E /* LaunchScreen.storyboard */,
				17BEF19D2AB6E3F800249C5E /* Presentation */,
				17BEF19E2AB6E40100249C5E /* Resource */,
				17BEF19F2AB6E40B00249C5E /* Support */,
			);
			path = KabangExam;
			sourceTree = "<group>";
		};
		17BEF17F2AB6DFFC00249C5E /* KabangExamTests */ = {
			isa = PBXGroup;
			children = (
				17BEF1802AB6DFFC00249C5E /* KabangExamTests.swift */,
			);
			path = KabangExamTests;
			sourceTree = "<group>";
		};
		17BEF1892AB6DFFC00249C5E /* KabangExamUITests */ = {
			isa = PBXGroup;
			children = (
				17BEF18A2AB6DFFC00249C5E /* KabangExamUITests.swift */,
				17BEF18C2AB6DFFC00249C5E /* KabangExamUITestsLaunchTests.swift */,
			);
			path = KabangExamUITests;
			sourceTree = "<group>";
		};
		17BEF1992AB6E3CE00249C5E /* Application */ = {
			isa = PBXGroup;
			children = (
				17BEF1692AB6DFFB00249C5E /* AppDelegate.swift */,
				17BEF16B2AB6DFFB00249C5E /* SceneDelegate.swift */,
			);
			path = Application;
			sourceTree = "<group>";
		};
		17BEF19A2AB6E3DF00249C5E /* Data */ = {
			isa = PBXGroup;
			children = (
				17BEF1D22AB7128100249C5E /* Storage */,
				17BEF1CF2AB711FC00249C5E /* Repository */,
				17BEF1BC2AB6E5DB00249C5E /* Network */,
			);
			path = Data;
			sourceTree = "<group>";
		};
		17BEF19B2AB6E3E500249C5E /* Domain */ = {
			isa = PBXGroup;
			children = (
				17BEF1CA2AB70AD900249C5E /* Entity */,
				17BEF1C92AB70AC000249C5E /* Interface */,
			);
			path = Domain;
			sourceTree = "<group>";
		};
		17BEF19C2AB6E3ED00249C5E /* Infra */ = {
			isa = PBXGroup;
			children = (
				17BEF1A32AB6E4C600249C5E /* Network */,
				17BEF1C62AB705DE00249C5E /* AppError.swift */,
			);
			path = Infra;
			sourceTree = "<group>";
		};
		17BEF19D2AB6E3F800249C5E /* Presentation */ = {
			isa = PBXGroup;
			children = (
				1740D9682AB83D82003C2D69 /* Scene */,
				17BEF1E02AB75A4600249C5E /* Util */,
				17BEF1DD2AB7584300249C5E /* Base */,
			);
			path = Presentation;
			sourceTree = "<group>";
		};
		17BEF19E2AB6E40100249C5E /* Resource */ = {
			isa = PBXGroup;
			children = (
				17BEF1722AB6DFFC00249C5E /* Assets.xcassets */,
			);
			path = Resource;
			sourceTree = "<group>";
		};
		17BEF19F2AB6E40B00249C5E /* Support */ = {
			isa = PBXGroup;
			children = (
				17BEF1BA2AB6E4E700249C5E /* Foot.swift */,
				17BEF1D52AB71D4300249C5E /* Task+Cancellable.swift */,
				17BEF1D72AB71D6600249C5E /* Also.swift */,
			);
			path = Support;
			sourceTree = "<group>";
		};
		17BEF1A32AB6E4C600249C5E /* Network */ = {
			isa = PBXGroup;
			children = (
				17BEF1A42AB6E4C600249C5E /* NetworkResponse.swift */,
				17BEF1A52AB6E4C600249C5E /* ApiEndpint.swift */,
				17BEF1A62AB6E4C600249C5E /* Resource.swift */,
				17BEF1A72AB6E4C600249C5E /* HttpMethod.swift */,
				17BEF1A82AB6E4C600249C5E /* Response.swift */,
				17BEF1A92AB6E4C600249C5E /* ResponseDecoder.swift */,
				17BEF1AA2AB6E4C600249C5E /* NetworkResource.swift */,
				17BEF1AB2AB6E4C600249C5E /* Service */,
				17BEF1AD2AB6E4C600249C5E /* Client */,
			);
			path = Network;
			sourceTree = "<group>";
		};
		17BEF1AB2AB6E4C600249C5E /* Service */ = {
			isa = PBXGroup;
			children = (
				17BEF1AC2AB6E4C600249C5E /* NetworkDataService.swift */,
			);
			path = Service;
			sourceTree = "<group>";
		};
		17BEF1AD2AB6E4C600249C5E /* Client */ = {
			isa = PBXGroup;
			children = (
				17BEF1AE2AB6E4C600249C5E /* NetworkClient.swift */,
				17BEF1AF2AB6E4C600249C5E /* AlarmoLogger.swift */,
			);
			path = Client;
			sourceTree = "<group>";
		};
		17BEF1BC2AB6E5DB00249C5E /* Network */ = {
			isa = PBXGroup;
			children = (
				17BEF1BD2AB6E5E900249C5E /* Response */,
				17BEF1BE2AB6E5FE00249C5E /* SearchApi.swift */,
				17BEF1C02AB6E6AF00249C5E /* iTunesSearchEndpoint.swift */,
			);
			path = Network;
			sourceTree = "<group>";
		};
		17BEF1BD2AB6E5E900249C5E /* Response */ = {
			isa = PBXGroup;
			children = (
				17BEF1C22AB6EB5000249C5E /* ResResults.swift */,
				17BEF1C42AB6FE5400249C5E /* ResSearchSoftware.swift */,
			);
			path = Response;
			sourceTree = "<group>";
		};
		17BEF1C92AB70AC000249C5E /* Interface */ = {
			isa = PBXGroup;
			children = (
				17BEF1CD2AB70ED200249C5E /* iTunesRepository.swift */,
			);
			path = Interface;
			sourceTree = "<group>";
		};
		17BEF1CA2AB70AD900249C5E /* Entity */ = {
			isa = PBXGroup;
			children = (
				17BEF1CB2AB70C3900249C5E /* Software.swift */,
			);
			path = Entity;
			sourceTree = "<group>";
		};
		17BEF1CF2AB711FC00249C5E /* Repository */ = {
			isa = PBXGroup;
			children = (
				17BEF1D02AB7122800249C5E /* DefaultRepository.swift */,
			);
			path = Repository;
			sourceTree = "<group>";
		};
		17BEF1D22AB7128100249C5E /* Storage */ = {
			isa = PBXGroup;
			children = (
				17BEF1D32AB712F700249C5E /* RecentsStorage.swift */,
				17BEF1D92AB7219200249C5E /* DefaultRecentsStorage.swift */,
			);
			path = Storage;
			sourceTree = "<group>";
		};
		17BEF1DD2AB7584300249C5E /* Base */ = {
			isa = PBXGroup;
			children = (
				17BEF1DE2AB7584D00249C5E /* BaseViewModel.swift */,
			);
			path = Base;
			sourceTree = "<group>";
		};
		17BEF1E02AB75A4600249C5E /* Util */ = {
			isa = PBXGroup;
			children = (
				17BEF1E12AB75A6500249C5E /* UIView+AutoLayout.swift */,
				17BEF1E32AB75A8700249C5E /* UIViewPreview.swift */,
				17BEF1E52AB75AA700249C5E /* UIImage+Extensions.swift */,
				17BEF1E72AB75AC400249C5E /* Alertable.swift */,
				17BEF1E92AB75ADF00249C5E /* LoadingView.swift */,
				1740D96E2AB84021003C2D69 /* Int+CountFormat.swift */,
			);
			path = Util;
			sourceTree = "<group>";
		};
/* End PBXGroup section */

/* Begin PBXNativeTarget section */
		17BEF1652AB6DFFB00249C5E /* KabangExam */ = {
			isa = PBXNativeTarget;
			buildConfigurationList = 17BEF1902AB6DFFC00249C5E /* Build configuration list for PBXNativeTarget "KabangExam" */;
			buildPhases = (
				17BEF1622AB6DFFB00249C5E /* Sources */,
				17BEF1632AB6DFFB00249C5E /* Frameworks */,
				17BEF1642AB6DFFB00249C5E /* Resources */,
			);
			buildRules = (
			);
			dependencies = (
			);
			name = KabangExam;
			packageProductDependencies = (
				17BEF1A12AB6E46300249C5E /* Alamofire */,
			);
			productName = KabangExam;
			productReference = 17BEF1662AB6DFFB00249C5E /* KabangExam.app */;
			productType = "com.apple.product-type.application";
		};
		17BEF17B2AB6DFFC00249C5E /* KabangExamTests */ = {
			isa = PBXNativeTarget;
			buildConfigurationList = 17BEF1932AB6DFFC00249C5E /* Build configuration list for PBXNativeTarget "KabangExamTests" */;
			buildPhases = (
				17BEF1782AB6DFFC00249C5E /* Sources */,
				17BEF1792AB6DFFC00249C5E /* Frameworks */,
				17BEF17A2AB6DFFC00249C5E /* Resources */,
			);
			buildRules = (
			);
			dependencies = (
				17BEF17E2AB6DFFC00249C5E /* PBXTargetDependency */,
			);
			name = KabangExamTests;
			productName = KabangExamTests;
			productReference = 17BEF17C2AB6DFFC00249C5E /* KabangExamTests.xctest */;
			productType = "com.apple.product-type.bundle.unit-test";
		};
		17BEF1852AB6DFFC00249C5E /* KabangExamUITests */ = {
			isa = PBXNativeTarget;
			buildConfigurationList = 17BEF1962AB6DFFC00249C5E /* Build configuration list for PBXNativeTarget "KabangExamUITests" */;
			buildPhases = (
				17BEF1822AB6DFFC00249C5E /* Sources */,
				17BEF1832AB6DFFC00249C5E /* Frameworks */,
				17BEF1842AB6DFFC00249C5E /* Resources */,
			);
			buildRules = (
			);
			dependencies = (
				17BEF1882AB6DFFC00249C5E /* PBXTargetDependency */,
			);
			name = KabangExamUITests;
			productName = KabangExamUITests;
			productReference = 17BEF1862AB6DFFC00249C5E /* KabangExamUITests.xctest */;
			productType = "com.apple.product-type.bundle.ui-testing";
		};
/* End PBXNativeTarget section */

/* Begin PBXProject section */
		17BEF15E2AB6DFFB00249C5E /* Project object */ = {
			isa = PBXProject;
			attributes = {
				BuildIndependentTargetsInParallel = 1;
				LastSwiftUpdateCheck = 1430;
				LastUpgradeCheck = 1430;
				TargetAttributes = {
					17BEF1652AB6DFFB00249C5E = {
						CreatedOnToolsVersion = 14.3.1;
					};
					17BEF17B2AB6DFFC00249C5E = {
						CreatedOnToolsVersion = 14.3.1;
						TestTargetID = 17BEF1652AB6DFFB00249C5E;
					};
					17BEF1852AB6DFFC00249C5E = {
						CreatedOnToolsVersion = 14.3.1;
						TestTargetID = 17BEF1652AB6DFFB00249C5E;
					};
				};
			};
			buildConfigurationList = 17BEF1612AB6DFFB00249C5E /* Build configuration list for PBXProject "KabangExam" */;
			compatibilityVersion = "Xcode 14.0";
			developmentRegion = en;
			hasScannedForEncodings = 0;
			knownRegions = (
				en,
				Base,
			);
			mainGroup = 17BEF15D2AB6DFFB00249C5E;
			packageReferences = (
				17BEF1A02AB6E46300249C5E /* XCRemoteSwiftPackageReference "Alamofire" */,
			);
			productRefGroup = 17BEF1672AB6DFFB00249C5E /* Products */;
			projectDirPath = "";
			projectRoot = "";
			targets = (
				17BEF1652AB6DFFB00249C5E /* KabangExam */,
				17BEF17B2AB6DFFC00249C5E /* KabangExamTests */,
				17BEF1852AB6DFFC00249C5E /* KabangExamUITests */,
			);
		};
/* End PBXProject section */

/* Begin PBXResourcesBuildPhase section */
		17BEF1642AB6DFFB00249C5E /* Resources */ = {
			isa = PBXResourcesBuildPhase;
			buildActionMask = 2147483647;
			files = (
				17BEF1762AB6DFFC00249C5E /* LaunchScreen.storyboard in Resources */,
				17BEF1732AB6DFFC00249C5E /* Assets.xcassets in Resources */,
			);
			runOnlyForDeploymentPostprocessing = 0;
		};
		17BEF17A2AB6DFFC00249C5E /* Resources */ = {
			isa = PBXResourcesBuildPhase;
			buildActionMask = 2147483647;
			files = (
			);
			runOnlyForDeploymentPostprocessing = 0;
		};
		17BEF1842AB6DFFC00249C5E /* Resources */ = {
			isa = PBXResourcesBuildPhase;
			buildActionMask = 2147483647;
			files = (
			);
			runOnlyForDeploymentPostprocessing = 0;
		};
/* End PBXResourcesBuildPhase section */

/* Begin PBXSourcesBuildPhase section */
		17BEF1622AB6DFFB00249C5E /* Sources */ = {
			isa = PBXSourcesBuildPhase;
			buildActionMask = 2147483647;
			files = (
				17BEF1B42AB6E4C600249C5E /* Response.swift in Sources */,
				17BEF1C32AB6EB5000249C5E /* ResResults.swift in Sources */,
				17BEF1C72AB705DE00249C5E /* AppError.swift in Sources */,
				17BEF1BB2AB6E4E700249C5E /* Foot.swift in Sources */,
				17BEF16E2AB6DFFB00249C5E /* SearchViewController.swift in Sources */,
				17BEF1EA2AB75ADF00249C5E /* LoadingView.swift in Sources */,
				17BEF1DF2AB7584D00249C5E /* BaseViewModel.swift in Sources */,
				17BEF1D62AB71D4300249C5E /* Task+Cancellable.swift in Sources */,
				17BEF1B02AB6E4C600249C5E /* NetworkResponse.swift in Sources */,
				1740D95E2AB8280E003C2D69 /* SoftwareResultCell.swift in Sources */,
				17BEF1D82AB71D6600249C5E /* Also.swift in Sources */,
				1740D96F2AB84021003C2D69 /* Int+CountFormat.swift in Sources */,
				17BEF1E82AB75AC400249C5E /* Alertable.swift in Sources */,
				1740D9632AB839B2003C2D69 /* CandidateSearchCell.swift in Sources */,
				17BEF1C12AB6E6AF00249C5E /* iTunesSearchEndpoint.swift in Sources */,
				17BEF1CE2AB70ED200249C5E /* iTunesRepository.swift in Sources */,
				17BEF1C52AB6FE5400249C5E /* ResSearchSoftware.swift in Sources */,
				17BEF1B12AB6E4C600249C5E /* ApiEndpint.swift in Sources */,
				17BEF1DA2AB7219200249C5E /* DefaultRecentsStorage.swift in Sources */,
				17BEF1B32AB6E4C600249C5E /* HttpMethod.swift in Sources */,
				1740D9602AB83150003C2D69 /* RecentSearchCell.swift in Sources */,
				17BEF1B22AB6E4C600249C5E /* Resource.swift in Sources */,
				17BEF1B92AB6E4C600249C5E /* AlarmoLogger.swift in Sources */,
				1740D96D2AB83E49003C2D69 /* SoftwareItemViewModel.swift in Sources */,
				17BEF1E22AB75A6500249C5E /* UIView+AutoLayout.swift in Sources */,
				17BEF1B62AB6E4C600249C5E /* NetworkResource.swift in Sources */,
				1740D9652AB83C6A003C2D69 /* SearchTermCellDelegate.swift in Sources */,
				17BEF16A2AB6DFFB00249C5E /* AppDelegate.swift in Sources */,
				17BEF1BF2AB6E5FE00249C5E /* SearchApi.swift in Sources */,
				17BEF1D42AB712F700249C5E /* RecentsStorage.swift in Sources */,
				1740D9672AB83D1C003C2D69 /* ResultItemCellDelegate.swift in Sources */,
				17BEF1B72AB6E4C600249C5E /* NetworkDataService.swift in Sources */,
				1740D9722AB84312003C2D69 /* Software+sample.swift in Sources */,
				17BEF1CC2AB70C3900249C5E /* Software.swift in Sources */,
				17BEF1B52AB6E4C600249C5E /* ResponseDecoder.swift in Sources */,
				17BEF1D12AB7122800249C5E /* DefaultRepository.swift in Sources */,
				17BEF16C2AB6DFFB00249C5E /* SceneDelegate.swift in Sources */,
				17BEF1E62AB75AA700249C5E /* UIImage+Extensions.swift in Sources */,
				17BEF1B82AB6E4C600249C5E /* NetworkClient.swift in Sources */,
				17BEF1E42AB75A8700249C5E /* UIViewPreview.swift in Sources */,
			);
			runOnlyForDeploymentPostprocessing = 0;
		};
		17BEF1782AB6DFFC00249C5E /* Sources */ = {
			isa = PBXSourcesBuildPhase;
			buildActionMask = 2147483647;
			files = (
				1740D9742AB847B5003C2D69 /* Software.swift in Sources */,
				1740D9702AB84021003C2D69 /* Int+CountFormat.swift in Sources */,
				17BEF1812AB6DFFC00249C5E /* KabangExamTests.swift in Sources */,
				1740D9732AB84312003C2D69 /* Software+sample.swift in Sources */,
			);
			runOnlyForDeploymentPostprocessing = 0;
		};
		17BEF1822AB6DFFC00249C5E /* Sources */ = {
			isa = PBXSourcesBuildPhase;
			buildActionMask = 2147483647;
			files = (
				17BEF1DC2AB7521F00249C5E /* RecentsStorage.swift in Sources */,
				17BEF1DB2AB7521800249C5E /* DefaultRecentsStorage.swift in Sources */,
				17BEF18B2AB6DFFC00249C5E /* KabangExamUITests.swift in Sources */,
				17BEF18D2AB6DFFC00249C5E /* KabangExamUITestsLaunchTests.swift in Sources */,
			);
			runOnlyForDeploymentPostprocessing = 0;
		};
/* End PBXSourcesBuildPhase section */

/* Begin PBXTargetDependency section */
		17BEF17E2AB6DFFC00249C5E /* PBXTargetDependency */ = {
			isa = PBXTargetDependency;
			target = 17BEF1652AB6DFFB00249C5E /* KabangExam */;
			targetProxy = 17BEF17D2AB6DFFC00249C5E /* PBXContainerItemProxy */;
		};
		17BEF1882AB6DFFC00249C5E /* PBXTargetDependency */ = {
			isa = PBXTargetDependency;
			target = 17BEF1652AB6DFFB00249C5E /* KabangExam */;
			targetProxy = 17BEF1872AB6DFFC00249C5E /* PBXContainerItemProxy */;
		};
/* End PBXTargetDependency section */

/* Begin PBXVariantGroup section */
		17BEF1742AB6DFFC00249C5E /* LaunchScreen.storyboard */ = {
			isa = PBXVariantGroup;
			children = (
				17BEF1752AB6DFFC00249C5E /* Base */,
			);
			name = LaunchScreen.storyboard;
			sourceTree = "<group>";
		};
/* End PBXVariantGroup section */

/* Begin XCBuildConfiguration section */
		17BEF18E2AB6DFFC00249C5E /* Debug */ = {
			isa = XCBuildConfiguration;
			buildSettings = {
				ALWAYS_SEARCH_USER_PATHS = NO;
				CLANG_ANALYZER_NONNULL = YES;
				CLANG_ANALYZER_NUMBER_OBJECT_CONVERSION = YES_AGGRESSIVE;
				CLANG_CXX_LANGUAGE_STANDARD = "gnu++20";
				CLANG_ENABLE_MODULES = YES;
				CLANG_ENABLE_OBJC_ARC = YES;
				CLANG_ENABLE_OBJC_WEAK = YES;
				CLANG_WARN_BLOCK_CAPTURE_AUTORELEASING = YES;
				CLANG_WARN_BOOL_CONVERSION = YES;
				CLANG_WARN_COMMA = YES;
				CLANG_WARN_CONSTANT_CONVERSION = YES;
				CLANG_WARN_DEPRECATED_OBJC_IMPLEMENTATIONS = YES;
				CLANG_WARN_DIRECT_OBJC_ISA_USAGE = YES_ERROR;
				CLANG_WARN_DOCUMENTATION_COMMENTS = YES;
				CLANG_WARN_EMPTY_BODY = YES;
				CLANG_WARN_ENUM_CONVERSION = YES;
				CLANG_WARN_INFINITE_RECURSION = YES;
				CLANG_WARN_INT_CONVERSION = YES;
				CLANG_WARN_NON_LITERAL_NULL_CONVERSION = YES;
				CLANG_WARN_OBJC_IMPLICIT_RETAIN_SELF = YES;
				CLANG_WARN_OBJC_LITERAL_CONVERSION = YES;
				CLANG_WARN_OBJC_ROOT_CLASS = YES_ERROR;
				CLANG_WARN_QUOTED_INCLUDE_IN_FRAMEWORK_HEADER = YES;
				CLANG_WARN_RANGE_LOOP_ANALYSIS = YES;
				CLANG_WARN_STRICT_PROTOTYPES = YES;
				CLANG_WARN_SUSPICIOUS_MOVE = YES;
				CLANG_WARN_UNGUARDED_AVAILABILITY = YES_AGGRESSIVE;
				CLANG_WARN_UNREACHABLE_CODE = YES;
				CLANG_WARN__DUPLICATE_METHOD_MATCH = YES;
				COPY_PHASE_STRIP = NO;
				DEBUG_INFORMATION_FORMAT = dwarf;
				ENABLE_STRICT_OBJC_MSGSEND = YES;
				ENABLE_TESTABILITY = YES;
				GCC_C_LANGUAGE_STANDARD = gnu11;
				GCC_DYNAMIC_NO_PIC = NO;
				GCC_NO_COMMON_BLOCKS = YES;
				GCC_OPTIMIZATION_LEVEL = 0;
				GCC_PREPROCESSOR_DEFINITIONS = (
					"DEBUG=1",
					"$(inherited)",
				);
				GCC_WARN_64_TO_32_BIT_CONVERSION = YES;
				GCC_WARN_ABOUT_RETURN_TYPE = YES_ERROR;
				GCC_WARN_UNDECLARED_SELECTOR = YES;
				GCC_WARN_UNINITIALIZED_AUTOS = YES_AGGRESSIVE;
				GCC_WARN_UNUSED_FUNCTION = YES;
				GCC_WARN_UNUSED_VARIABLE = YES;
				IPHONEOS_DEPLOYMENT_TARGET = 13.0;
				MTL_ENABLE_DEBUG_INFO = INCLUDE_SOURCE;
				MTL_FAST_MATH = YES;
				ONLY_ACTIVE_ARCH = YES;
				SDKROOT = iphoneos;
				SWIFT_ACTIVE_COMPILATION_CONDITIONS = DEBUG;
				SWIFT_OPTIMIZATION_LEVEL = "-Onone";
			};
			name = Debug;
		};
		17BEF18F2AB6DFFC00249C5E /* Release */ = {
			isa = XCBuildConfiguration;
			buildSettings = {
				ALWAYS_SEARCH_USER_PATHS = NO;
				CLANG_ANALYZER_NONNULL = YES;
				CLANG_ANALYZER_NUMBER_OBJECT_CONVERSION = YES_AGGRESSIVE;
				CLANG_CXX_LANGUAGE_STANDARD = "gnu++20";
				CLANG_ENABLE_MODULES = YES;
				CLANG_ENABLE_OBJC_ARC = YES;
				CLANG_ENABLE_OBJC_WEAK = YES;
				CLANG_WARN_BLOCK_CAPTURE_AUTORELEASING = YES;
				CLANG_WARN_BOOL_CONVERSION = YES;
				CLANG_WARN_COMMA = YES;
				CLANG_WARN_CONSTANT_CONVERSION = YES;
				CLANG_WARN_DEPRECATED_OBJC_IMPLEMENTATIONS = YES;
				CLANG_WARN_DIRECT_OBJC_ISA_USAGE = YES_ERROR;
				CLANG_WARN_DOCUMENTATION_COMMENTS = YES;
				CLANG_WARN_EMPTY_BODY = YES;
				CLANG_WARN_ENUM_CONVERSION = YES;
				CLANG_WARN_INFINITE_RECURSION = YES;
				CLANG_WARN_INT_CONVERSION = YES;
				CLANG_WARN_NON_LITERAL_NULL_CONVERSION = YES;
				CLANG_WARN_OBJC_IMPLICIT_RETAIN_SELF = YES;
				CLANG_WARN_OBJC_LITERAL_CONVERSION = YES;
				CLANG_WARN_OBJC_ROOT_CLASS = YES_ERROR;
				CLANG_WARN_QUOTED_INCLUDE_IN_FRAMEWORK_HEADER = YES;
				CLANG_WARN_RANGE_LOOP_ANALYSIS = YES;
				CLANG_WARN_STRICT_PROTOTYPES = YES;
				CLANG_WARN_SUSPICIOUS_MOVE = YES;
				CLANG_WARN_UNGUARDED_AVAILABILITY = YES_AGGRESSIVE;
				CLANG_WARN_UNREACHABLE_CODE = YES;
				CLANG_WARN__DUPLICATE_METHOD_MATCH = YES;
				COPY_PHASE_STRIP = NO;
				DEBUG_INFORMATION_FORMAT = "dwarf-with-dsym";
				ENABLE_NS_ASSERTIONS = NO;
				ENABLE_STRICT_OBJC_MSGSEND = YES;
				GCC_C_LANGUAGE_STANDARD = gnu11;
				GCC_NO_COMMON_BLOCKS = YES;
				GCC_WARN_64_TO_32_BIT_CONVERSION = YES;
				GCC_WARN_ABOUT_RETURN_TYPE = YES_ERROR;
				GCC_WARN_UNDECLARED_SELECTOR = YES;
				GCC_WARN_UNINITIALIZED_AUTOS = YES_AGGRESSIVE;
				GCC_WARN_UNUSED_FUNCTION = YES;
				GCC_WARN_UNUSED_VARIABLE = YES;
				IPHONEOS_DEPLOYMENT_TARGET = 13.0;
				MTL_ENABLE_DEBUG_INFO = NO;
				MTL_FAST_MATH = YES;
				SDKROOT = iphoneos;
				SWIFT_COMPILATION_MODE = wholemodule;
				SWIFT_OPTIMIZATION_LEVEL = "-O";
				VALIDATE_PRODUCT = YES;
			};
			name = Release;
		};
		17BEF1912AB6DFFC00249C5E /* Debug */ = {
			isa = XCBuildConfiguration;
			buildSettings = {
				ASSETCATALOG_COMPILER_APPICON_NAME = AppIcon;
				ASSETCATALOG_COMPILER_GLOBAL_ACCENT_COLOR_NAME = AccentColor;
				CODE_SIGN_STYLE = Automatic;
				CURRENT_PROJECT_VERSION = 1;
				GENERATE_INFOPLIST_FILE = YES;
				INFOPLIST_FILE = KabangExam/Info.plist;
				INFOPLIST_KEY_UIApplicationSupportsIndirectInputEvents = YES;
				INFOPLIST_KEY_UILaunchStoryboardName = LaunchScreen;
				INFOPLIST_KEY_UISupportedInterfaceOrientations_iPad = "UIInterfaceOrientationPortrait UIInterfaceOrientationPortraitUpsideDown UIInterfaceOrientationLandscapeLeft UIInterfaceOrientationLandscapeRight";
				INFOPLIST_KEY_UISupportedInterfaceOrientations_iPhone = "UIInterfaceOrientationPortrait UIInterfaceOrientationLandscapeLeft UIInterfaceOrientationLandscapeRight";
				LD_RUNPATH_SEARCH_PATHS = (
					"$(inherited)",
					"@executable_path/Frameworks",
				);
				MARKETING_VERSION = 1.0;
				PRODUCT_BUNDLE_IDENTIFIER = i.wish.happy.KabangExam;
				PRODUCT_NAME = "$(TARGET_NAME)";
				SWIFT_EMIT_LOC_STRINGS = YES;
				SWIFT_VERSION = 5.0;
				TARGETED_DEVICE_FAMILY = 1;
			};
			name = Debug;
		};
		17BEF1922AB6DFFC00249C5E /* Release */ = {
			isa = XCBuildConfiguration;
			buildSettings = {
				ASSETCATALOG_COMPILER_APPICON_NAME = AppIcon;
				ASSETCATALOG_COMPILER_GLOBAL_ACCENT_COLOR_NAME = AccentColor;
				CODE_SIGN_STYLE = Automatic;
				CURRENT_PROJECT_VERSION = 1;
				GENERATE_INFOPLIST_FILE = YES;
				INFOPLIST_FILE = KabangExam/Info.plist;
				INFOPLIST_KEY_UIApplicationSupportsIndirectInputEvents = YES;
				INFOPLIST_KEY_UILaunchStoryboardName = LaunchScreen;
				INFOPLIST_KEY_UISupportedInterfaceOrientations_iPad = "UIInterfaceOrientationPortrait UIInterfaceOrientationPortraitUpsideDown UIInterfaceOrientationLandscapeLeft UIInterfaceOrientationLandscapeRight";
				INFOPLIST_KEY_UISupportedInterfaceOrientations_iPhone = "UIInterfaceOrientationPortrait UIInterfaceOrientationLandscapeLeft UIInterfaceOrientationLandscapeRight";
				LD_RUNPATH_SEARCH_PATHS = (
					"$(inherited)",
					"@executable_path/Frameworks",
				);
				MARKETING_VERSION = 1.0;
				PRODUCT_BUNDLE_IDENTIFIER = i.wish.happy.KabangExam;
				PRODUCT_NAME = "$(TARGET_NAME)";
				SWIFT_EMIT_LOC_STRINGS = YES;
				SWIFT_VERSION = 5.0;
				TARGETED_DEVICE_FAMILY = 1;
			};
			name = Release;
		};
		17BEF1942AB6DFFC00249C5E /* Debug */ = {
			isa = XCBuildConfiguration;
			buildSettings = {
				ALWAYS_EMBED_SWIFT_STANDARD_LIBRARIES = YES;
				BUNDLE_LOADER = "$(TEST_HOST)";
				CODE_SIGN_STYLE = Automatic;
				CURRENT_PROJECT_VERSION = 1;
				GENERATE_INFOPLIST_FILE = YES;
				IPHONEOS_DEPLOYMENT_TARGET = 16.4;
				MARKETING_VERSION = 1.0;
				PRODUCT_BUNDLE_IDENTIFIER = i.wish.happy.KabangExamTests;
				PRODUCT_NAME = "$(TARGET_NAME)";
				SWIFT_EMIT_LOC_STRINGS = NO;
				SWIFT_VERSION = 5.0;
				TARGETED_DEVICE_FAMILY = "1,2";
				TEST_HOST = "$(BUILT_PRODUCTS_DIR)/KabangExam.app/$(BUNDLE_EXECUTABLE_FOLDER_PATH)/KabangExam";
			};
			name = Debug;
		};
		17BEF1952AB6DFFC00249C5E /* Release */ = {
			isa = XCBuildConfiguration;
			buildSettings = {
				ALWAYS_EMBED_SWIFT_STANDARD_LIBRARIES = YES;
				BUNDLE_LOADER = "$(TEST_HOST)";
				CODE_SIGN_STYLE = Automatic;
				CURRENT_PROJECT_VERSION = 1;
				GENERATE_INFOPLIST_FILE = YES;
				IPHONEOS_DEPLOYMENT_TARGET = 16.4;
				MARKETING_VERSION = 1.0;
				PRODUCT_BUNDLE_IDENTIFIER = i.wish.happy.KabangExamTests;
				PRODUCT_NAME = "$(TARGET_NAME)";
				SWIFT_EMIT_LOC_STRINGS = NO;
				SWIFT_VERSION = 5.0;
				TARGETED_DEVICE_FAMILY = "1,2";
				TEST_HOST = "$(BUILT_PRODUCTS_DIR)/KabangExam.app/$(BUNDLE_EXECUTABLE_FOLDER_PATH)/KabangExam";
			};
			name = Release;
		};
		17BEF1972AB6DFFC00249C5E /* Debug */ = {
			isa = XCBuildConfiguration;
			buildSettings = {
				ALWAYS_EMBED_SWIFT_STANDARD_LIBRARIES = YES;
				CODE_SIGN_STYLE = Automatic;
				CURRENT_PROJECT_VERSION = 1;
				GENERATE_INFOPLIST_FILE = YES;
				MARKETING_VERSION = 1.0;
				PRODUCT_BUNDLE_IDENTIFIER = i.wish.happy.KabangExamUITests;
				PRODUCT_NAME = "$(TARGET_NAME)";
				SWIFT_EMIT_LOC_STRINGS = NO;
				SWIFT_VERSION = 5.0;
				TARGETED_DEVICE_FAMILY = "1,2";
				TEST_TARGET_NAME = KabangExam;
			};
			name = Debug;
		};
		17BEF1982AB6DFFC00249C5E /* Release */ = {
			isa = XCBuildConfiguration;
			buildSettings = {
				ALWAYS_EMBED_SWIFT_STANDARD_LIBRARIES = YES;
				CODE_SIGN_STYLE = Automatic;
				CURRENT_PROJECT_VERSION = 1;
				GENERATE_INFOPLIST_FILE = YES;
				MARKETING_VERSION = 1.0;
				PRODUCT_BUNDLE_IDENTIFIER = i.wish.happy.KabangExamUITests;
				PRODUCT_NAME = "$(TARGET_NAME)";
				SWIFT_EMIT_LOC_STRINGS = NO;
				SWIFT_VERSION = 5.0;
				TARGETED_DEVICE_FAMILY = "1,2";
				TEST_TARGET_NAME = KabangExam;
			};
			name = Release;
		};
/* End XCBuildConfiguration section */

/* Begin XCConfigurationList section */
		17BEF1612AB6DFFB00249C5E /* Build configuration list for PBXProject "KabangExam" */ = {
			isa = XCConfigurationList;
			buildConfigurations = (
				17BEF18E2AB6DFFC00249C5E /* Debug */,
				17BEF18F2AB6DFFC00249C5E /* Release */,
			);
			defaultConfigurationIsVisible = 0;
			defaultConfigurationName = Release;
		};
		17BEF1902AB6DFFC00249C5E /* Build configuration list for PBXNativeTarget "KabangExam" */ = {
			isa = XCConfigurationList;
			buildConfigurations = (
				17BEF1912AB6DFFC00249C5E /* Debug */,
				17BEF1922AB6DFFC00249C5E /* Release */,
			);
			defaultConfigurationIsVisible = 0;
			defaultConfigurationName = Release;
		};
		17BEF1932AB6DFFC00249C5E /* Build configuration list for PBXNativeTarget "KabangExamTests" */ = {
			isa = XCConfigurationList;
			buildConfigurations = (
				17BEF1942AB6DFFC00249C5E /* Debug */,
				17BEF1952AB6DFFC00249C5E /* Release */,
			);
			defaultConfigurationIsVisible = 0;
			defaultConfigurationName = Release;
		};
		17BEF1962AB6DFFC00249C5E /* Build configuration list for PBXNativeTarget "KabangExamUITests" */ = {
			isa = XCConfigurationList;
			buildConfigurations = (
				17BEF1972AB6DFFC00249C5E /* Debug */,
				17BEF1982AB6DFFC00249C5E /* Release */,
			);
			defaultConfigurationIsVisible = 0;
			defaultConfigurationName = Release;
		};
/* End XCConfigurationList section */

/* Begin XCRemoteSwiftPackageReference section */
		17BEF1A02AB6E46300249C5E /* XCRemoteSwiftPackageReference "Alamofire" */ = {
			isa = XCRemoteSwiftPackageReference;
			repositoryURL = "https://github.com/Alamofire/Alamofire.git";
			requirement = {
				kind = upToNextMajorVersion;
				minimumVersion = 5.7.1;
			};
		};
/* End XCRemoteSwiftPackageReference section */

/* Begin XCSwiftPackageProductDependency section */
		17BEF1A12AB6E46300249C5E /* Alamofire */ = {
			isa = XCSwiftPackageProductDependency;
			package = 17BEF1A02AB6E46300249C5E /* XCRemoteSwiftPackageReference "Alamofire" */;
			productName = Alamofire;
		};
/* End XCSwiftPackageProductDependency section */
	};
	rootObject = 17BEF15E2AB6DFFB00249C5E /* Project object */;
}
